
Microsoft Visual Studio Solution File, Format Version 12.00
# Visual Studio Version 17
VisualStudioVersion = 17.1.32210.238
MinimumVisualStudioVersion = 10.0.40219.1
Project("{FAE04EC0-301F-11D3-BF4B-00C04F79EFBC}") = "Gustav Projekt 3", "Gustav Projekt 3\Gustav Projekt 3.csproj", "{D497CBFA-39C7-4A51-8851-ABDD6AF990DA}"
EndProject
Global
	GlobalSection(SolutionConfigurationPlatforms) = preSolution
		Debug|Any CPU = Debug|Any CPU
		Release|Any CPU = Release|Any CPU
	EndGlobalSection
	GlobalSection(ProjectConfigurationPlatforms) = postSolution
		{D497CBFA-39C7-4A51-8851-ABDD6AF990DA}.Debug|Any CPU.ActiveCfg = Debug|Any CPU
		{D497CBFA-39C7-4A51-8851-ABDD6AF990DA}.Debug|Any CPU.Build.0 = Debug|Any CPU
		{D497CBFA-39C7-4A51-8851-ABDD6AF990DA}.Release|Any CPU.ActiveCfg = Release|Any CPU
		{D497CBFA-39C7-4A51-8851-ABDD6AF990DA}.Release|Any CPU.Build.0 = Release|Any CPU
	EndGlobalSection
	GlobalSection(SolutionProperties) = preSolution
		HideSolutionNode = FALSE
	EndGlobalSection
	GlobalSection(ExtensibilityGlobals) = postSolution
		SolutionGuid = {335A962C-9973-49DA-9177-5E5FD03316F7}
	EndGlobalSection
EndGlobal
